
Microsoft Visual Studio Solution File, Format Version 12.00
# Visual Studio Version 17
VisualStudioVersion = 17.9.34616.47
MinimumVisualStudioVersion = 10.0.40219.1
Project("{FAE04EC0-301F-11D3-BF4B-00C04F79EFBC}") = "QuickEV_Website", "QuickEV_Website\QuickEV_Website.csproj", "{13692FA7-F937-4BC5-862E-F9389CD62FD4}"
EndProject
Global
	GlobalSection(SolutionConfigurationPlatforms) = preSolution
		Debug|Any CPU = Debug|Any CPU
		Release|Any CPU = Release|Any CPU
	EndGlobalSection
	GlobalSection(ProjectConfigurationPlatforms) = postSolution
		{13692FA7-F937-4BC5-862E-F9389CD62FD4}.Debug|Any CPU.ActiveCfg = Debug|Any CPU
		{13692FA7-F937-4BC5-862E-F9389CD62FD4}.Debug|Any CPU.Build.0 = Debug|Any CPU
		{13692FA7-F937-4BC5-862E-F9389CD62FD4}.Release|Any CPU.ActiveCfg = Release|Any CPU
		{13692FA7-F937-4BC5-862E-F9389CD62FD4}.Release|Any CPU.Build.0 = Release|Any CPU
	EndGlobalSection
	GlobalSection(SolutionProperties) = preSolution
		HideSolutionNode = FALSE
	EndGlobalSection
	GlobalSection(ExtensibilityGlobals) = postSolution
		SolutionGuid = {A6D44AE2-313D-4F4C-B5A3-3E2932A1344F}
	EndGlobalSection
EndGlobal
